
Microsoft Visual Studio Solution File, Format Version 12.00
# Visual Studio Version 17
VisualStudioVersion = 17.7.34031.279
MinimumVisualStudioVersion = 10.0.40219.1
Project("{9A19103F-16F7-4668-BE54-9A1E7A4F7556}") = "APIWeb", "APIWeb\APIWeb.csproj", "{1E8EC467-9E38-4518-91C5-4CFC86F1886D}"
EndProject
Project("{9A19103F-16F7-4668-BE54-9A1E7A4F7556}") = "DAL", "DAL\DAL.csproj", "{DEF0AAA9-95E1-4E48-9987-C1072F818024}"
EndProject
Project("{9A19103F-16F7-4668-BE54-9A1E7A4F7556}") = "Entidades", "Entidades\Entidades.csproj", "{EFDCF8D5-A4AB-4726-8815-F8C72722D7B1}"
EndProject
Project("{9A19103F-16F7-4668-BE54-9A1E7A4F7556}") = "LogicaNegocio", "LogicaNegocio\LogicaNegocio.csproj", "{B7487738-60E9-4931-ADDA-E55E8E25E166}"
EndProject
Project("{9A19103F-16F7-4668-BE54-9A1E7A4F7556}") = "Tools", "Tool\Tools.csproj", "{F16B50CC-4374-408C-A3A5-6F87EB2E6991}"
EndProject
Project("{FAE04EC0-301F-11D3-BF4B-00C04F79EFBC}") = "AppWeb", "AppWeb\AppWeb.csproj", "{C0D8C6CC-CDDC-4149-9FB3-213718172194}"
EndProject
Global
	GlobalSection(SolutionConfigurationPlatforms) = preSolution
		Debug|Any CPU = Debug|Any CPU
		Release|Any CPU = Release|Any CPU
	EndGlobalSection
	GlobalSection(ProjectConfigurationPlatforms) = postSolution
		{1E8EC467-9E38-4518-91C5-4CFC86F1886D}.Debug|Any CPU.ActiveCfg = Debug|Any CPU
		{1E8EC467-9E38-4518-91C5-4CFC86F1886D}.Debug|Any CPU.Build.0 = Debug|Any CPU
		{1E8EC467-9E38-4518-91C5-4CFC86F1886D}.Release|Any CPU.ActiveCfg = Release|Any CPU
		{1E8EC467-9E38-4518-91C5-4CFC86F1886D}.Release|Any CPU.Build.0 = Release|Any CPU
		{DEF0AAA9-95E1-4E48-9987-C1072F818024}.Debug|Any CPU.ActiveCfg = Debug|Any CPU
		{DEF0AAA9-95E1-4E48-9987-C1072F818024}.Debug|Any CPU.Build.0 = Debug|Any CPU
		{DEF0AAA9-95E1-4E48-9987-C1072F818024}.Release|Any CPU.ActiveCfg = Release|Any CPU
		{DEF0AAA9-95E1-4E48-9987-C1072F818024}.Release|Any CPU.Build.0 = Release|Any CPU
		{EFDCF8D5-A4AB-4726-8815-F8C72722D7B1}.Debug|Any CPU.ActiveCfg = Debug|Any CPU
		{EFDCF8D5-A4AB-4726-8815-F8C72722D7B1}.Debug|Any CPU.Build.0 = Debug|Any CPU
		{EFDCF8D5-A4AB-4726-8815-F8C72722D7B1}.Release|Any CPU.ActiveCfg = Release|Any CPU
		{EFDCF8D5-A4AB-4726-8815-F8C72722D7B1}.Release|Any CPU.Build.0 = Release|Any CPU
		{B7487738-60E9-4931-ADDA-E55E8E25E166}.Debug|Any CPU.ActiveCfg = Debug|Any CPU
		{B7487738-60E9-4931-ADDA-E55E8E25E166}.Debug|Any CPU.Build.0 = Debug|Any CPU
		{B7487738-60E9-4931-ADDA-E55E8E25E166}.Release|Any CPU.ActiveCfg = Release|Any CPU
		{B7487738-60E9-4931-ADDA-E55E8E25E166}.Release|Any CPU.Build.0 = Release|Any CPU
		{F16B50CC-4374-408C-A3A5-6F87EB2E6991}.Debug|Any CPU.ActiveCfg = Debug|Any CPU
		{F16B50CC-4374-408C-A3A5-6F87EB2E6991}.Debug|Any CPU.Build.0 = Debug|Any CPU
		{F16B50CC-4374-408C-A3A5-6F87EB2E6991}.Release|Any CPU.ActiveCfg = Release|Any CPU
		{F16B50CC-4374-408C-A3A5-6F87EB2E6991}.Release|Any CPU.Build.0 = Release|Any CPU
		{C0D8C6CC-CDDC-4149-9FB3-213718172194}.Debug|Any CPU.ActiveCfg = Debug|Any CPU
		{C0D8C6CC-CDDC-4149-9FB3-213718172194}.Debug|Any CPU.Build.0 = Debug|Any CPU
		{C0D8C6CC-CDDC-4149-9FB3-213718172194}.Release|Any CPU.ActiveCfg = Release|Any CPU
		{C0D8C6CC-CDDC-4149-9FB3-213718172194}.Release|Any CPU.Build.0 = Release|Any CPU
	EndGlobalSection
	GlobalSection(SolutionProperties) = preSolution
		HideSolutionNode = FALSE
	EndGlobalSection
	GlobalSection(ExtensibilityGlobals) = postSolution
		SolutionGuid = {EEFDA1B7-C214-4BD0-BED9-43D8E62DCD9D}
	EndGlobalSection
EndGlobal
